
Microsoft Visual Studio Solution File, Format Version 12.00
# Visual Studio 14
VisualStudioVersion = 14.0.25420.1
MinimumVisualStudioVersion = 10.0.40219.1
Project("{F184B08F-C81C-45F6-A57F-5ABD9991F28F}") = "bwl.Graphics.3D.CatRender", "bwl.Graphics3D.CatRender\bwl.Graphics.3D.CatRender.vbproj", "{ABC4A29B-9F82-4E50-BC85-FACE6CC07591}"
EndProject
Project("{F184B08F-C81C-45F6-A57F-5ABD9991F28F}") = "Bwl.Graphics3D.CatRender.Test", "Bwl.Graphics3D.CatRender.Test\Bwl.Graphics3D.CatRender.Test.vbproj", "{4BC6ACCF-C4D4-4D09-8ADD-2C8492B38E21}"
EndProject
Global
	GlobalSection(SolutionConfigurationPlatforms) = preSolution
		Debug|Any CPU = Debug|Any CPU
		Release|Any CPU = Release|Any CPU
	EndGlobalSection
	GlobalSection(ProjectConfigurationPlatforms) = postSolution
		{ABC4A29B-9F82-4E50-BC85-FACE6CC07591}.Debug|Any CPU.ActiveCfg = Debug|Any CPU
		{ABC4A29B-9F82-4E50-BC85-FACE6CC07591}.Debug|Any CPU.Build.0 = Debug|Any CPU
		{ABC4A29B-9F82-4E50-BC85-FACE6CC07591}.Release|Any CPU.ActiveCfg = Release|Any CPU
		{ABC4A29B-9F82-4E50-BC85-FACE6CC07591}.Release|Any CPU.Build.0 = Release|Any CPU
		{4BC6ACCF-C4D4-4D09-8ADD-2C8492B38E21}.Debug|Any CPU.ActiveCfg = Debug|Any CPU
		{4BC6ACCF-C4D4-4D09-8ADD-2C8492B38E21}.Debug|Any CPU.Build.0 = Debug|Any CPU
		{4BC6ACCF-C4D4-4D09-8ADD-2C8492B38E21}.Release|Any CPU.ActiveCfg = Release|Any CPU
		{4BC6ACCF-C4D4-4D09-8ADD-2C8492B38E21}.Release|Any CPU.Build.0 = Release|Any CPU
	EndGlobalSection
	GlobalSection(SolutionProperties) = preSolution
		HideSolutionNode = FALSE
	EndGlobalSection
EndGlobal
